
Microsoft Visual Studio Solution File, Format Version 12.00
# Visual Studio Version 17
VisualStudioVersion = 17.3.32922.545
MinimumVisualStudioVersion = 10.0.40219.1
Project("{FAE04EC0-301F-11D3-BF4B-00C04F79EFBC}") = "Polly Pipe", "Polly Pipe\Polly Pipe.csproj", "{5FA2B12D-8FA5-4A92-A4DA-AB0DD43C4404}"
EndProject
Global
	GlobalSection(SolutionConfigurationPlatforms) = preSolution
		Debug|Any CPU = Debug|Any CPU
		Release|Any CPU = Release|Any CPU
	EndGlobalSection
	GlobalSection(ProjectConfigurationPlatforms) = postSolution
		{5FA2B12D-8FA5-4A92-A4DA-AB0DD43C4404}.Debug|Any CPU.ActiveCfg = Debug|Any CPU
		{5FA2B12D-8FA5-4A92-A4DA-AB0DD43C4404}.Debug|Any CPU.Build.0 = Debug|Any CPU
		{5FA2B12D-8FA5-4A92-A4DA-AB0DD43C4404}.Release|Any CPU.ActiveCfg = Release|Any CPU
		{5FA2B12D-8FA5-4A92-A4DA-AB0DD43C4404}.Release|Any CPU.Build.0 = Release|Any CPU
	EndGlobalSection
	GlobalSection(SolutionProperties) = preSolution
		HideSolutionNode = FALSE
	EndGlobalSection
	GlobalSection(ExtensibilityGlobals) = postSolution
		SolutionGuid = {40CC905F-B5C9-4F54-B610-B62232B50265}
	EndGlobalSection
EndGlobal
